
Microsoft Visual Studio Solution File, Format Version 12.00
# Visual Studio Version 17
VisualStudioVersion = 17.5.002.0
MinimumVisualStudioVersion = 10.0.40219.1
Project("{9A19103F-16F7-4668-BE54-9A1E7A4F7556}") = "AntiBoom", "AntiBoom.csproj", "{0A7F2196-46BE-4B0F-80DA-42452DA4BA13}"
EndProject
Global
	GlobalSection(SolutionConfigurationPlatforms) = preSolution
		Debug|Any CPU = Debug|Any CPU
		Release|Any CPU = Release|Any CPU
	EndGlobalSection
	GlobalSection(ProjectConfigurationPlatforms) = postSolution
		{0A7F2196-46BE-4B0F-80DA-42452DA4BA13}.Debug|Any CPU.ActiveCfg = Debug|Any CPU
		{0A7F2196-46BE-4B0F-80DA-42452DA4BA13}.Debug|Any CPU.Build.0 = Debug|Any CPU
		{0A7F2196-46BE-4B0F-80DA-42452DA4BA13}.Release|Any CPU.ActiveCfg = Release|Any CPU
		{0A7F2196-46BE-4B0F-80DA-42452DA4BA13}.Release|Any CPU.Build.0 = Release|Any CPU
	EndGlobalSection
	GlobalSection(SolutionProperties) = preSolution
		HideSolutionNode = FALSE
	EndGlobalSection
	GlobalSection(ExtensibilityGlobals) = postSolution
		SolutionGuid = {C4CD8EC5-3770-4B29-B190-9384E3C8E9A2}
	EndGlobalSection
EndGlobal
